
Microsoft Visual Studio Solution File, Format Version 12.00
# Visual Studio Version 16
VisualStudioVersion = 16.0.31112.23
MinimumVisualStudioVersion = 10.0.40219.1
Project("{FAE04EC0-301F-11D3-BF4B-00C04F79EFBC}") = "UnitTestProject1", "UnitTestProject1\UnitTestProject1.csproj", "{30567DB4-8E2F-450A-A8A3-D40B9A064917}"
EndProject
Global
	GlobalSection(SolutionConfigurationPlatforms) = preSolution
		Debug|Any CPU = Debug|Any CPU
		Release|Any CPU = Release|Any CPU
	EndGlobalSection
	GlobalSection(ProjectConfigurationPlatforms) = postSolution
		{30567DB4-8E2F-450A-A8A3-D40B9A064917}.Debug|Any CPU.ActiveCfg = Debug|Any CPU
		{30567DB4-8E2F-450A-A8A3-D40B9A064917}.Debug|Any CPU.Build.0 = Debug|Any CPU
		{30567DB4-8E2F-450A-A8A3-D40B9A064917}.Release|Any CPU.ActiveCfg = Release|Any CPU
		{30567DB4-8E2F-450A-A8A3-D40B9A064917}.Release|Any CPU.Build.0 = Release|Any CPU
	EndGlobalSection
	GlobalSection(SolutionProperties) = preSolution
		HideSolutionNode = FALSE
	EndGlobalSection
	GlobalSection(ExtensibilityGlobals) = postSolution
		SolutionGuid = {6596F6E6-6250-49C1-B490-94D84F1F0C4A}
	EndGlobalSection
EndGlobal
